
Microsoft Visual Studio Solution File, Format Version 12.00
# Visual Studio Version 17
VisualStudioVersion = 17.1.32421.90
MinimumVisualStudioVersion = 10.0.40219.1
Project("{FAE04EC0-301F-11D3-BF4B-00C04F79EFBC}") = "AK8PO", "AK8PO\AK8PO.csproj", "{327E52A6-AFCE-422E-8B1A-8BAAB5BF79FF}"
EndProject
Global
	GlobalSection(SolutionConfigurationPlatforms) = preSolution
		Debug|Any CPU = Debug|Any CPU
		Release|Any CPU = Release|Any CPU
	EndGlobalSection
	GlobalSection(ProjectConfigurationPlatforms) = postSolution
		{327E52A6-AFCE-422E-8B1A-8BAAB5BF79FF}.Debug|Any CPU.ActiveCfg = Debug|Any CPU
		{327E52A6-AFCE-422E-8B1A-8BAAB5BF79FF}.Debug|Any CPU.Build.0 = Debug|Any CPU
		{327E52A6-AFCE-422E-8B1A-8BAAB5BF79FF}.Release|Any CPU.ActiveCfg = Release|Any CPU
		{327E52A6-AFCE-422E-8B1A-8BAAB5BF79FF}.Release|Any CPU.Build.0 = Release|Any CPU
	EndGlobalSection
	GlobalSection(SolutionProperties) = preSolution
		HideSolutionNode = FALSE
	EndGlobalSection
	GlobalSection(ExtensibilityGlobals) = postSolution
		SolutionGuid = {4D1B9E20-5D05-4825-99D6-302CE5FE7152}
	EndGlobalSection
EndGlobal
